
Microsoft Visual Studio Solution File, Format Version 12.00
# Visual Studio 2013
VisualStudioVersion = 12.0.31101.0
MinimumVisualStudioVersion = 10.0.40219.1
Project("{FAE04EC0-301F-11D3-BF4B-00C04F79EFBC}") = "Design-Patterns", "Design-Patterns\Design-Patterns.csproj", "{4A09297D-CE2D-4DC5-8A87-A9664FD62E99}"
EndProject
Project("{FAE04EC0-301F-11D3-BF4B-00C04F79EFBC}") = "Train", "Train\Train.csproj", "{8DF7AD2A-DA2F-4FA4-B309-798536FF507A}"
EndProject
Project("{FAE04EC0-301F-11D3-BF4B-00C04F79EFBC}") = "Train.Test", "Train.Test\Train.Test.csproj", "{8C6E996A-3B2D-4CAA-8C1A-A0548E440C97}"
EndProject
Project("{FAE04EC0-301F-11D3-BF4B-00C04F79EFBC}") = "IocContainer", "IocContainer\IocContainer.csproj", "{55BD338B-9CDF-4483-9DF8-3DAE9395A8A0}"
EndProject
Project("{FAE04EC0-301F-11D3-BF4B-00C04F79EFBC}") = "IocContainer.Test", "IocContainer.Test\IocContainer.Test.csproj", "{CED47BBA-DFAC-46E6-99A7-EC45389E43C8}"
EndProject
Project("{FAE04EC0-301F-11D3-BF4B-00C04F79EFBC}") = "React", "React\React.csproj", "{586116C3-413E-43C4-B1FB-81EAB57D6FE3}"
EndProject
Project("{E24C65DC-7377-472B-9ABA-BC803B73C61A}") = "GitPlayground", "http://localhost:61724", "{BAFF5E47-3D12-43C4-95AE-E593782CD7B6}"
	ProjectSection(WebsiteProperties) = preProject
		UseIISExpress = "true"
		TargetFrameworkMoniker = ".NETFramework,Version%3Dv4.5"
		Debug.AspNetCompiler.VirtualPath = "/localhost_61724"
		Debug.AspNetCompiler.PhysicalPath = "GitPlayground\"
		Debug.AspNetCompiler.TargetPath = "PrecompiledWeb\localhost_61724\"
		Debug.AspNetCompiler.Updateable = "true"
		Debug.AspNetCompiler.ForceOverwrite = "true"
		Debug.AspNetCompiler.FixedNames = "false"
		Debug.AspNetCompiler.Debug = "True"
		Release.AspNetCompiler.VirtualPath = "/localhost_61724"
		Release.AspNetCompiler.PhysicalPath = "GitPlayground\"
		Release.AspNetCompiler.TargetPath = "PrecompiledWeb\localhost_61724\"
		Release.AspNetCompiler.Updateable = "true"
		Release.AspNetCompiler.ForceOverwrite = "true"
		Release.AspNetCompiler.FixedNames = "false"
		Release.AspNetCompiler.Debug = "False"
		SlnRelativePath = "GitPlayground\"
		DefaultWebSiteLanguage = "Visual C#"
	EndProjectSection
EndProject
Project("{E24C65DC-7377-472B-9ABA-BC803B73C61A}") = "Security", "http://localhost:56043", "{83036DBA-D826-4672-A778-E132C31211B7}"
	ProjectSection(WebsiteProperties) = preProject
		UseIISExpress = "true"
		TargetFrameworkMoniker = ".NETFramework,Version%3Dv4.5"
		Debug.AspNetCompiler.VirtualPath = "/localhost_56043"
		Debug.AspNetCompiler.PhysicalPath = "Security\"
		Debug.AspNetCompiler.TargetPath = "PrecompiledWeb\localhost_56043\"
		Debug.AspNetCompiler.Updateable = "true"
		Debug.AspNetCompiler.ForceOverwrite = "true"
		Debug.AspNetCompiler.FixedNames = "false"
		Debug.AspNetCompiler.Debug = "True"
		Release.AspNetCompiler.VirtualPath = "/localhost_56043"
		Release.AspNetCompiler.PhysicalPath = "Security\"
		Release.AspNetCompiler.TargetPath = "PrecompiledWeb\localhost_56043\"
		Release.AspNetCompiler.Updateable = "true"
		Release.AspNetCompiler.ForceOverwrite = "true"
		Release.AspNetCompiler.FixedNames = "false"
		Release.AspNetCompiler.Debug = "False"
		SlnRelativePath = "Security\"
		DefaultWebSiteLanguage = "Visual C#"
	EndProjectSection
EndProject
Global
	GlobalSection(SolutionConfigurationPlatforms) = preSolution
		Debug|Any CPU = Debug|Any CPU
		Release|Any CPU = Release|Any CPU
	EndGlobalSection
	GlobalSection(ProjectConfigurationPlatforms) = postSolution
		{4A09297D-CE2D-4DC5-8A87-A9664FD62E99}.Debug|Any CPU.ActiveCfg = Debug|Any CPU
		{4A09297D-CE2D-4DC5-8A87-A9664FD62E99}.Debug|Any CPU.Build.0 = Debug|Any CPU
		{4A09297D-CE2D-4DC5-8A87-A9664FD62E99}.Release|Any CPU.ActiveCfg = Release|Any CPU
		{4A09297D-CE2D-4DC5-8A87-A9664FD62E99}.Release|Any CPU.Build.0 = Release|Any CPU
		{8DF7AD2A-DA2F-4FA4-B309-798536FF507A}.Debug|Any CPU.ActiveCfg = Debug|Any CPU
		{8DF7AD2A-DA2F-4FA4-B309-798536FF507A}.Debug|Any CPU.Build.0 = Debug|Any CPU
		{8DF7AD2A-DA2F-4FA4-B309-798536FF507A}.Release|Any CPU.ActiveCfg = Release|Any CPU
		{8DF7AD2A-DA2F-4FA4-B309-798536FF507A}.Release|Any CPU.Build.0 = Release|Any CPU
		{8C6E996A-3B2D-4CAA-8C1A-A0548E440C97}.Debug|Any CPU.ActiveCfg = Debug|Any CPU
		{8C6E996A-3B2D-4CAA-8C1A-A0548E440C97}.Debug|Any CPU.Build.0 = Debug|Any CPU
		{8C6E996A-3B2D-4CAA-8C1A-A0548E440C97}.Release|Any CPU.ActiveCfg = Release|Any CPU
		{8C6E996A-3B2D-4CAA-8C1A-A0548E440C97}.Release|Any CPU.Build.0 = Release|Any CPU
		{55BD338B-9CDF-4483-9DF8-3DAE9395A8A0}.Debug|Any CPU.ActiveCfg = Debug|Any CPU
		{55BD338B-9CDF-4483-9DF8-3DAE9395A8A0}.Debug|Any CPU.Build.0 = Debug|Any CPU
		{55BD338B-9CDF-4483-9DF8-3DAE9395A8A0}.Release|Any CPU.ActiveCfg = Release|Any CPU
		{55BD338B-9CDF-4483-9DF8-3DAE9395A8A0}.Release|Any CPU.Build.0 = Release|Any CPU
		{CED47BBA-DFAC-46E6-99A7-EC45389E43C8}.Debug|Any CPU.ActiveCfg = Debug|Any CPU
		{CED47BBA-DFAC-46E6-99A7-EC45389E43C8}.Debug|Any CPU.Build.0 = Debug|Any CPU
		{CED47BBA-DFAC-46E6-99A7-EC45389E43C8}.Release|Any CPU.ActiveCfg = Release|Any CPU
		{CED47BBA-DFAC-46E6-99A7-EC45389E43C8}.Release|Any CPU.Build.0 = Release|Any CPU
		{586116C3-413E-43C4-B1FB-81EAB57D6FE3}.Debug|Any CPU.ActiveCfg = Debug|Any CPU
		{586116C3-413E-43C4-B1FB-81EAB57D6FE3}.Debug|Any CPU.Build.0 = Debug|Any CPU
		{586116C3-413E-43C4-B1FB-81EAB57D6FE3}.Release|Any CPU.ActiveCfg = Release|Any CPU
		{586116C3-413E-43C4-B1FB-81EAB57D6FE3}.Release|Any CPU.Build.0 = Release|Any CPU
		{BAFF5E47-3D12-43C4-95AE-E593782CD7B6}.Debug|Any CPU.ActiveCfg = Debug|Any CPU
		{BAFF5E47-3D12-43C4-95AE-E593782CD7B6}.Debug|Any CPU.Build.0 = Debug|Any CPU
		{BAFF5E47-3D12-43C4-95AE-E593782CD7B6}.Release|Any CPU.ActiveCfg = Debug|Any CPU
		{BAFF5E47-3D12-43C4-95AE-E593782CD7B6}.Release|Any CPU.Build.0 = Debug|Any CPU
		{83036DBA-D826-4672-A778-E132C31211B7}.Debug|Any CPU.ActiveCfg = Debug|Any CPU
		{83036DBA-D826-4672-A778-E132C31211B7}.Debug|Any CPU.Build.0 = Debug|Any CPU
		{83036DBA-D826-4672-A778-E132C31211B7}.Release|Any CPU.ActiveCfg = Debug|Any CPU
		{83036DBA-D826-4672-A778-E132C31211B7}.Release|Any CPU.Build.0 = Debug|Any CPU
	EndGlobalSection
	GlobalSection(SolutionProperties) = preSolution
		HideSolutionNode = FALSE
	EndGlobalSection
EndGlobal
